
Microsoft Visual Studio Solution File, Format Version 12.00
# Visual Studio 15
VisualStudioVersion = 15.0.27703.2035
MinimumVisualStudioVersion = 10.0.40219.1
Project("{FAE04EC0-301F-11D3-BF4B-00C04F79EFBC}") = "MazeLibrary", "MazeLibrary\MazeLibrary.csproj", "{38629389-90A8-4FA8-9E48-DCDFB097B317}"
EndProject
Project("{FAE04EC0-301F-11D3-BF4B-00C04F79EFBC}") = "MazeLibrary.Tests", "MazeLibrary.Tests\MazeLibrary.Tests.csproj", "{CD848C84-F5F1-4FF6-8993-52903468FC1E}"
EndProject
Global
	GlobalSection(SolutionConfigurationPlatforms) = preSolution
		Debug|Any CPU = Debug|Any CPU
		Release|Any CPU = Release|Any CPU
	EndGlobalSection
	GlobalSection(ProjectConfigurationPlatforms) = postSolution
		{38629389-90A8-4FA8-9E48-DCDFB097B317}.Debug|Any CPU.ActiveCfg = Debug|Any CPU
		{38629389-90A8-4FA8-9E48-DCDFB097B317}.Debug|Any CPU.Build.0 = Debug|Any CPU
		{38629389-90A8-4FA8-9E48-DCDFB097B317}.Release|Any CPU.ActiveCfg = Release|Any CPU
		{38629389-90A8-4FA8-9E48-DCDFB097B317}.Release|Any CPU.Build.0 = Release|Any CPU
		{CD848C84-F5F1-4FF6-8993-52903468FC1E}.Debug|Any CPU.ActiveCfg = Debug|Any CPU
		{CD848C84-F5F1-4FF6-8993-52903468FC1E}.Debug|Any CPU.Build.0 = Debug|Any CPU
		{CD848C84-F5F1-4FF6-8993-52903468FC1E}.Release|Any CPU.ActiveCfg = Release|Any CPU
		{CD848C84-F5F1-4FF6-8993-52903468FC1E}.Release|Any CPU.Build.0 = Release|Any CPU
	EndGlobalSection
	GlobalSection(SolutionProperties) = preSolution
		HideSolutionNode = FALSE
	EndGlobalSection
	GlobalSection(ExtensibilityGlobals) = postSolution
		SolutionGuid = {076A3035-203E-4E29-9821-A2A9EA0B5FB4}
	EndGlobalSection
EndGlobal
